
Microsoft Visual Studio Solution File, Format Version 12.00
# Visual Studio Version 16
VisualStudioVersion = 16.0.29926.136
MinimumVisualStudioVersion = 10.0.40219.1
Project("{FAE04EC0-301F-11D3-BF4B-00C04F79EFBC}") = "Footballista", "Footballista\Footballista.csproj", "{7F94EA0A-59B7-4BA9-BCCC-24846383024E}"
EndProject
Project("{FAE04EC0-301F-11D3-BF4B-00C04F79EFBC}") = "Footballista.Identity", "Footballista.Identity\Footballista.Identity.csproj", "{10697F6C-7966-48DC-A44F-DF0FCEECEE24}"
EndProject
Project("{FAE04EC0-301F-11D3-BF4B-00C04F79EFBC}") = "Footballista.Players", "Footballista.Players\Footballista.Players.csproj", "{B3A2A0A7-5848-447D-A6B7-5746BC18BDCF}"
EndProject
Project("{FAE04EC0-301F-11D3-BF4B-00C04F79EFBC}") = "Footballista.PlayersUnitTests", "Footballista.PlayersUnitTests\Footballista.PlayersUnitTests.csproj", "{767D360D-AA4C-47D3-A330-6148340AE91C}"
EndProject
Global
	GlobalSection(SolutionConfigurationPlatforms) = preSolution
		Debug|Any CPU = Debug|Any CPU
		Release|Any CPU = Release|Any CPU
	EndGlobalSection
	GlobalSection(ProjectConfigurationPlatforms) = postSolution
		{7F94EA0A-59B7-4BA9-BCCC-24846383024E}.Debug|Any CPU.ActiveCfg = Debug|Any CPU
		{7F94EA0A-59B7-4BA9-BCCC-24846383024E}.Debug|Any CPU.Build.0 = Debug|Any CPU
		{7F94EA0A-59B7-4BA9-BCCC-24846383024E}.Release|Any CPU.ActiveCfg = Release|Any CPU
		{7F94EA0A-59B7-4BA9-BCCC-24846383024E}.Release|Any CPU.Build.0 = Release|Any CPU
		{10697F6C-7966-48DC-A44F-DF0FCEECEE24}.Debug|Any CPU.ActiveCfg = Debug|Any CPU
		{10697F6C-7966-48DC-A44F-DF0FCEECEE24}.Debug|Any CPU.Build.0 = Debug|Any CPU
		{10697F6C-7966-48DC-A44F-DF0FCEECEE24}.Release|Any CPU.ActiveCfg = Release|Any CPU
		{10697F6C-7966-48DC-A44F-DF0FCEECEE24}.Release|Any CPU.Build.0 = Release|Any CPU
		{B3A2A0A7-5848-447D-A6B7-5746BC18BDCF}.Debug|Any CPU.ActiveCfg = Debug|Any CPU
		{B3A2A0A7-5848-447D-A6B7-5746BC18BDCF}.Debug|Any CPU.Build.0 = Debug|Any CPU
		{B3A2A0A7-5848-447D-A6B7-5746BC18BDCF}.Release|Any CPU.ActiveCfg = Release|Any CPU
		{B3A2A0A7-5848-447D-A6B7-5746BC18BDCF}.Release|Any CPU.Build.0 = Release|Any CPU
		{767D360D-AA4C-47D3-A330-6148340AE91C}.Debug|Any CPU.ActiveCfg = Debug|Any CPU
		{767D360D-AA4C-47D3-A330-6148340AE91C}.Debug|Any CPU.Build.0 = Debug|Any CPU
		{767D360D-AA4C-47D3-A330-6148340AE91C}.Release|Any CPU.ActiveCfg = Release|Any CPU
		{767D360D-AA4C-47D3-A330-6148340AE91C}.Release|Any CPU.Build.0 = Release|Any CPU
	EndGlobalSection
	GlobalSection(SolutionProperties) = preSolution
		HideSolutionNode = FALSE
	EndGlobalSection
	GlobalSection(ExtensibilityGlobals) = postSolution
		SolutionGuid = {8CA48F83-3D6D-4B67-8110-608DD680C317}
	EndGlobalSection
EndGlobal
