
Microsoft Visual Studio Solution File, Format Version 12.00
# Visual Studio Version 16
VisualStudioVersion = 16.0.29926.136
MinimumVisualStudioVersion = 10.0.40219.1
Project("{9A19103F-16F7-4668-BE54-9A1E7A4F7556}") = "Footballista.Players.Domain", "Footballista.Players\Footballista.Players.Domain.csproj", "{B3A2A0A7-5848-447D-A6B7-5746BC18BDCF}"
EndProject
Project("{9A19103F-16F7-4668-BE54-9A1E7A4F7556}") = "Footballista.PlayersUnitTests", "Footballista.PlayersUnitTests\Footballista.PlayersUnitTests.csproj", "{767D360D-AA4C-47D3-A330-6148340AE91C}"
EndProject
Project("{2150E333-8FDC-42A3-9474-1A3956D46DE8}") = "__Solution Items__", "__Solution Items__", "{59C215F7-051E-4AD0-8AAD-8863E7F2BDD6}"
	ProjectSection(SolutionItems) = preProject
		.gitignore = .gitignore
		README.md = README.md
	EndProjectSection
EndProject
Project("{2150E333-8FDC-42A3-9474-1A3956D46DE8}") = "BuildingBlocks", "BuildingBlocks", "{EDB7D2DA-9158-4138-B67C-F591D28C69C4}"
EndProject
Project("{9A19103F-16F7-4668-BE54-9A1E7A4F7556}") = "Footballista.BuildingBlocks.Domain", "Footballista.BuildingBlocks.Domain\Footballista.BuildingBlocks.Domain.csproj", "{FAF0BA18-4E53-4278-AA5B-35F38C7D43CA}"
EndProject
Project("{2150E333-8FDC-42A3-9474-1A3956D46DE8}") = "Players", "Players", "{C8FD54AF-2A45-464F-9927-B1D2DC5E71B6}"
EndProject
Project("{9A19103F-16F7-4668-BE54-9A1E7A4F7556}") = "Footballista.Players.Infrastracture", "Footballista.Players.Infrastracture\Footballista.Players.Infrastracture.csproj", "{51440947-BE75-4E48-9E96-953E4A8FC8B3}"
EndProject
Project("{2150E333-8FDC-42A3-9474-1A3956D46DE8}") = "Tests", "Tests", "{D53DB4AA-9538-4953-B4B9-AFE3B97D2623}"
EndProject
Project("{2150E333-8FDC-42A3-9474-1A3956D46DE8}") = "Game", "Game", "{A297BDEE-55B6-4C38-9437-B65923CA1035}"
EndProject
Project("{9A19103F-16F7-4668-BE54-9A1E7A4F7556}") = "Footballista.Game.Domain", "Footballista.Game.Domain\Footballista.Game.Domain.csproj", "{58DC82FB-2EE7-4948-B4F7-A42CB564738F}"
EndProject
Project("{2150E333-8FDC-42A3-9474-1A3956D46DE8}") = "Tests", "Tests", "{0EC2216D-39E8-4161-BAD9-726113543DDE}"
EndProject
Project("{9A19103F-16F7-4668-BE54-9A1E7A4F7556}") = "Footballista.BuildingBlocks.Domain.UnitTests", "Footballista.BuildingBlocks.Domain.UnitTests\Footballista.BuildingBlocks.Domain.UnitTests.csproj", "{9FC0076B-1859-4C19-BCF6-A4605242136A}"
EndProject
Project("{9A19103F-16F7-4668-BE54-9A1E7A4F7556}") = "Footballista.Players.IntegrationTests", "Footballista.Players.IntegrationTests\Footballista.Players.IntegrationTests.csproj", "{D339491A-C387-4D8E-AC52-5C4DD55B995D}"
EndProject
Project("{2150E333-8FDC-42A3-9474-1A3956D46DE8}") = "docs", "docs", "{3E9746CA-2A06-4997-81AF-9B573684918D}"
	ProjectSection(SolutionItems) = preProject
		docs\001.Player Generation.md = docs\001.Player Generation.md
		docs\002.Player Features Evolution.md = docs\002.Player Features Evolution.md
		docs\ui\003.UI Career Header.md = docs\ui\003.UI Career Header.md
	EndProjectSection
EndProject
Project("{2150E333-8FDC-42A3-9474-1A3956D46DE8}") = "Blazor.Wasm", "Blazor.Wasm", "{585BE759-B04C-43F0-BC6C-046AFB8E6B21}"
EndProject
Project("{9A19103F-16F7-4668-BE54-9A1E7A4F7556}") = "Footballista.Wasm.Client", "Footballista.Wasm\Client\Footballista.Wasm.Client.csproj", "{F1C67053-94FD-4ECA-B59B-6F7298B32CD1}"
EndProject
Project("{9A19103F-16F7-4668-BE54-9A1E7A4F7556}") = "Footballista.Wasm.Server", "Footballista.Wasm\Server\Footballista.Wasm.Server.csproj", "{A5ACAC36-AC1C-41C7-AB92-63AE0944A6A8}"
EndProject
Project("{9A19103F-16F7-4668-BE54-9A1E7A4F7556}") = "Footballista.Wasm.Shared", "Footballista.Wasm\Shared\Footballista.Wasm.Shared.csproj", "{FCEDEBE2-0210-45D5-AAF3-186385E28E09}"
EndProject
Project("{2150E333-8FDC-42A3-9474-1A3956D46DE8}") = "Test", "Test", "{DA837480-844A-4018-9AF6-02624BA4313B}"
EndProject
Project("{9A19103F-16F7-4668-BE54-9A1E7A4F7556}") = "Footballista.Wasm.Shared.UnitTests", "Footballista.Wasm.Shared.UnitTests\Footballista.Wasm.Shared.UnitTests.csproj", "{FF725C69-3E67-4F7B-8C85-848DB0B7D0B3}"
EndProject
Project("{2150E333-8FDC-42A3-9474-1A3956D46DE8}") = "Clubs", "Clubs", "{0410A939-2927-4833-A9A2-A38C7CDBD99D}"
EndProject
Project("{9A19103F-16F7-4668-BE54-9A1E7A4F7556}") = "Footballista.Clubs.Domain", "Footballista.Clubs.Domain\Footballista.Clubs.Domain.csproj", "{CAC41976-AF3F-40CF-9469-9CF14826FA81}"
EndProject
Project("{2150E333-8FDC-42A3-9474-1A3956D46DE8}") = "Frontend", "Frontend", "{F1930035-3849-47CE-8180-2C19D9475F54}"
EndProject
Project("{9A19103F-16F7-4668-BE54-9A1E7A4F7556}") = "Footballista.Wasm.Client.Infra", "Footballista.Wasm.Client.Infra\Footballista.Wasm.Client.Infra.csproj", "{F17067A6-CA86-45DF-9C4C-A9E826475D86}"
EndProject
Project("{9A19103F-16F7-4668-BE54-9A1E7A4F7556}") = "Footballista.Wasm.Client.Dto", "Footballista.Wasm.Client.Dto\Footballista.Wasm.Client.Dto.csproj", "{6CCEC408-D19A-4C9D-ABB0-32FEE5180961}"
EndProject
Project("{2150E333-8FDC-42A3-9474-1A3956D46DE8}") = "Server", "Server", "{DBA5799B-16A9-4F1B-96A0-16E23CE1F467}"
EndProject
Project("{2150E333-8FDC-42A3-9474-1A3956D46DE8}") = "Shared", "Shared", "{D014C68F-4F72-41B7-9512-6A17286DEBC8}"
EndProject
Project("{9A19103F-16F7-4668-BE54-9A1E7A4F7556}") = "Footballista.Wasm.Client.Domain", "Footballista.Wasm.Client.Domain\Footballista.Wasm.Client.Domain.csproj", "{53E216B5-0429-49F3-AE83-5DBDB53A6130}"
EndProject
Project("{2150E333-8FDC-42A3-9474-1A3956D46DE8}") = "Application", "Application", "{818E2105-A434-497D-A15A-5CFC28832D37}"
EndProject
Project("{2150E333-8FDC-42A3-9474-1A3956D46DE8}") = "Domain", "Domain", "{BF376A95-980C-49CF-A539-32D3C5EB5BAA}"
EndProject
Project("{2150E333-8FDC-42A3-9474-1A3956D46DE8}") = "Infra", "Infra", "{8E7ECDF2-FA81-4343-B9A0-647BE750C8A7}"
EndProject
Project("{2150E333-8FDC-42A3-9474-1A3956D46DE8}") = "_UI", "_UI", "{816DD3FA-7EED-4E4B-A0F5-445B9B65AF4D}"
EndProject
Project("{9A19103F-16F7-4668-BE54-9A1E7A4F7556}") = "Footballista.Wasm.Client.UI", "Footballista.Wasm.Client.UI\Footballista.Wasm.Client.UI.csproj", "{979BB32C-EFB1-4D6B-A049-9E3CC0FD172C}"
EndProject
Project("{9A19103F-16F7-4668-BE54-9A1E7A4F7556}") = "Footballista.Cqrs", "Footballista.Cqrs\Footballista.Cqrs.csproj", "{7558C370-C4B2-42F0-B109-B5FBC8F6CE16}"
EndProject
Project("{9A19103F-16F7-4668-BE54-9A1E7A4F7556}") = "Footballista.Players.App", "Footballista.Players.App\Footballista.Players.App.csproj", "{56D3E32D-E8A1-4AF1-ABC0-DA4AEECFB4A8}"
EndProject
Project("{2150E333-8FDC-42A3-9474-1A3956D46DE8}") = "CQRS", "CQRS", "{B044D8B3-F405-4F6E-AA0F-1599B79C1B04}"
EndProject
Project("{9A19103F-16F7-4668-BE54-9A1E7A4F7556}") = "Footballista.Game.App", "Footballista.Game.App\Footballista.Game.App.csproj", "{F5A67ADA-00F9-401E-8BF7-A4BE5D8A556D}"
EndProject
Project("{9A19103F-16F7-4668-BE54-9A1E7A4F7556}") = "Footballista.Cqrs.Commands", "Footballista.Cqrs.Commands\Footballista.Cqrs.Commands.csproj", "{AE03F07F-F2DA-40A8-A002-EA6AF1A4D683}"
EndProject
Project("{9A19103F-16F7-4668-BE54-9A1E7A4F7556}") = "Footballista.Cqrs.Queries", "Footballista.Cqrs.Queries\Footballista.Cqrs.Queries.csproj", "{C250A25F-4AB2-4695-91AB-1EDEE250BCFE}"
EndProject
Global
	GlobalSection(SolutionConfigurationPlatforms) = preSolution
		Debug|Any CPU = Debug|Any CPU
		Release|Any CPU = Release|Any CPU
	EndGlobalSection
	GlobalSection(ProjectConfigurationPlatforms) = postSolution
		{B3A2A0A7-5848-447D-A6B7-5746BC18BDCF}.Debug|Any CPU.ActiveCfg = Debug|Any CPU
		{B3A2A0A7-5848-447D-A6B7-5746BC18BDCF}.Debug|Any CPU.Build.0 = Debug|Any CPU
		{B3A2A0A7-5848-447D-A6B7-5746BC18BDCF}.Release|Any CPU.ActiveCfg = Release|Any CPU
		{B3A2A0A7-5848-447D-A6B7-5746BC18BDCF}.Release|Any CPU.Build.0 = Release|Any CPU
		{767D360D-AA4C-47D3-A330-6148340AE91C}.Debug|Any CPU.ActiveCfg = Debug|Any CPU
		{767D360D-AA4C-47D3-A330-6148340AE91C}.Debug|Any CPU.Build.0 = Debug|Any CPU
		{767D360D-AA4C-47D3-A330-6148340AE91C}.Release|Any CPU.ActiveCfg = Release|Any CPU
		{767D360D-AA4C-47D3-A330-6148340AE91C}.Release|Any CPU.Build.0 = Release|Any CPU
		{FAF0BA18-4E53-4278-AA5B-35F38C7D43CA}.Debug|Any CPU.ActiveCfg = Debug|Any CPU
		{FAF0BA18-4E53-4278-AA5B-35F38C7D43CA}.Debug|Any CPU.Build.0 = Debug|Any CPU
		{FAF0BA18-4E53-4278-AA5B-35F38C7D43CA}.Release|Any CPU.ActiveCfg = Release|Any CPU
		{FAF0BA18-4E53-4278-AA5B-35F38C7D43CA}.Release|Any CPU.Build.0 = Release|Any CPU
		{51440947-BE75-4E48-9E96-953E4A8FC8B3}.Debug|Any CPU.ActiveCfg = Debug|Any CPU
		{51440947-BE75-4E48-9E96-953E4A8FC8B3}.Debug|Any CPU.Build.0 = Debug|Any CPU
		{51440947-BE75-4E48-9E96-953E4A8FC8B3}.Release|Any CPU.ActiveCfg = Release|Any CPU
		{51440947-BE75-4E48-9E96-953E4A8FC8B3}.Release|Any CPU.Build.0 = Release|Any CPU
		{58DC82FB-2EE7-4948-B4F7-A42CB564738F}.Debug|Any CPU.ActiveCfg = Debug|Any CPU
		{58DC82FB-2EE7-4948-B4F7-A42CB564738F}.Debug|Any CPU.Build.0 = Debug|Any CPU
		{58DC82FB-2EE7-4948-B4F7-A42CB564738F}.Release|Any CPU.ActiveCfg = Release|Any CPU
		{58DC82FB-2EE7-4948-B4F7-A42CB564738F}.Release|Any CPU.Build.0 = Release|Any CPU
		{9FC0076B-1859-4C19-BCF6-A4605242136A}.Debug|Any CPU.ActiveCfg = Debug|Any CPU
		{9FC0076B-1859-4C19-BCF6-A4605242136A}.Debug|Any CPU.Build.0 = Debug|Any CPU
		{9FC0076B-1859-4C19-BCF6-A4605242136A}.Release|Any CPU.ActiveCfg = Release|Any CPU
		{9FC0076B-1859-4C19-BCF6-A4605242136A}.Release|Any CPU.Build.0 = Release|Any CPU
		{D339491A-C387-4D8E-AC52-5C4DD55B995D}.Debug|Any CPU.ActiveCfg = Debug|Any CPU
		{D339491A-C387-4D8E-AC52-5C4DD55B995D}.Debug|Any CPU.Build.0 = Debug|Any CPU
		{D339491A-C387-4D8E-AC52-5C4DD55B995D}.Release|Any CPU.ActiveCfg = Release|Any CPU
		{D339491A-C387-4D8E-AC52-5C4DD55B995D}.Release|Any CPU.Build.0 = Release|Any CPU
		{F1C67053-94FD-4ECA-B59B-6F7298B32CD1}.Debug|Any CPU.ActiveCfg = Debug|Any CPU
		{F1C67053-94FD-4ECA-B59B-6F7298B32CD1}.Debug|Any CPU.Build.0 = Debug|Any CPU
		{F1C67053-94FD-4ECA-B59B-6F7298B32CD1}.Release|Any CPU.ActiveCfg = Release|Any CPU
		{F1C67053-94FD-4ECA-B59B-6F7298B32CD1}.Release|Any CPU.Build.0 = Release|Any CPU
		{A5ACAC36-AC1C-41C7-AB92-63AE0944A6A8}.Debug|Any CPU.ActiveCfg = Debug|Any CPU
		{A5ACAC36-AC1C-41C7-AB92-63AE0944A6A8}.Debug|Any CPU.Build.0 = Debug|Any CPU
		{A5ACAC36-AC1C-41C7-AB92-63AE0944A6A8}.Release|Any CPU.ActiveCfg = Release|Any CPU
		{A5ACAC36-AC1C-41C7-AB92-63AE0944A6A8}.Release|Any CPU.Build.0 = Release|Any CPU
		{FCEDEBE2-0210-45D5-AAF3-186385E28E09}.Debug|Any CPU.ActiveCfg = Debug|Any CPU
		{FCEDEBE2-0210-45D5-AAF3-186385E28E09}.Debug|Any CPU.Build.0 = Debug|Any CPU
		{FCEDEBE2-0210-45D5-AAF3-186385E28E09}.Release|Any CPU.ActiveCfg = Release|Any CPU
		{FCEDEBE2-0210-45D5-AAF3-186385E28E09}.Release|Any CPU.Build.0 = Release|Any CPU
		{FF725C69-3E67-4F7B-8C85-848DB0B7D0B3}.Debug|Any CPU.ActiveCfg = Debug|Any CPU
		{FF725C69-3E67-4F7B-8C85-848DB0B7D0B3}.Debug|Any CPU.Build.0 = Debug|Any CPU
		{FF725C69-3E67-4F7B-8C85-848DB0B7D0B3}.Release|Any CPU.ActiveCfg = Release|Any CPU
		{FF725C69-3E67-4F7B-8C85-848DB0B7D0B3}.Release|Any CPU.Build.0 = Release|Any CPU
		{CAC41976-AF3F-40CF-9469-9CF14826FA81}.Debug|Any CPU.ActiveCfg = Debug|Any CPU
		{CAC41976-AF3F-40CF-9469-9CF14826FA81}.Debug|Any CPU.Build.0 = Debug|Any CPU
		{CAC41976-AF3F-40CF-9469-9CF14826FA81}.Release|Any CPU.ActiveCfg = Release|Any CPU
		{CAC41976-AF3F-40CF-9469-9CF14826FA81}.Release|Any CPU.Build.0 = Release|Any CPU
		{F17067A6-CA86-45DF-9C4C-A9E826475D86}.Debug|Any CPU.ActiveCfg = Debug|Any CPU
		{F17067A6-CA86-45DF-9C4C-A9E826475D86}.Debug|Any CPU.Build.0 = Debug|Any CPU
		{F17067A6-CA86-45DF-9C4C-A9E826475D86}.Release|Any CPU.ActiveCfg = Release|Any CPU
		{F17067A6-CA86-45DF-9C4C-A9E826475D86}.Release|Any CPU.Build.0 = Release|Any CPU
		{6CCEC408-D19A-4C9D-ABB0-32FEE5180961}.Debug|Any CPU.ActiveCfg = Debug|Any CPU
		{6CCEC408-D19A-4C9D-ABB0-32FEE5180961}.Debug|Any CPU.Build.0 = Debug|Any CPU
		{6CCEC408-D19A-4C9D-ABB0-32FEE5180961}.Release|Any CPU.ActiveCfg = Release|Any CPU
		{6CCEC408-D19A-4C9D-ABB0-32FEE5180961}.Release|Any CPU.Build.0 = Release|Any CPU
		{53E216B5-0429-49F3-AE83-5DBDB53A6130}.Debug|Any CPU.ActiveCfg = Debug|Any CPU
		{53E216B5-0429-49F3-AE83-5DBDB53A6130}.Debug|Any CPU.Build.0 = Debug|Any CPU
		{53E216B5-0429-49F3-AE83-5DBDB53A6130}.Release|Any CPU.ActiveCfg = Release|Any CPU
		{53E216B5-0429-49F3-AE83-5DBDB53A6130}.Release|Any CPU.Build.0 = Release|Any CPU
		{979BB32C-EFB1-4D6B-A049-9E3CC0FD172C}.Debug|Any CPU.ActiveCfg = Debug|Any CPU
		{979BB32C-EFB1-4D6B-A049-9E3CC0FD172C}.Debug|Any CPU.Build.0 = Debug|Any CPU
		{979BB32C-EFB1-4D6B-A049-9E3CC0FD172C}.Release|Any CPU.ActiveCfg = Release|Any CPU
		{979BB32C-EFB1-4D6B-A049-9E3CC0FD172C}.Release|Any CPU.Build.0 = Release|Any CPU
		{7558C370-C4B2-42F0-B109-B5FBC8F6CE16}.Debug|Any CPU.ActiveCfg = Debug|Any CPU
		{7558C370-C4B2-42F0-B109-B5FBC8F6CE16}.Debug|Any CPU.Build.0 = Debug|Any CPU
		{7558C370-C4B2-42F0-B109-B5FBC8F6CE16}.Release|Any CPU.ActiveCfg = Release|Any CPU
		{7558C370-C4B2-42F0-B109-B5FBC8F6CE16}.Release|Any CPU.Build.0 = Release|Any CPU
		{56D3E32D-E8A1-4AF1-ABC0-DA4AEECFB4A8}.Debug|Any CPU.ActiveCfg = Debug|Any CPU
		{56D3E32D-E8A1-4AF1-ABC0-DA4AEECFB4A8}.Debug|Any CPU.Build.0 = Debug|Any CPU
		{56D3E32D-E8A1-4AF1-ABC0-DA4AEECFB4A8}.Release|Any CPU.ActiveCfg = Release|Any CPU
		{56D3E32D-E8A1-4AF1-ABC0-DA4AEECFB4A8}.Release|Any CPU.Build.0 = Release|Any CPU
		{F5A67ADA-00F9-401E-8BF7-A4BE5D8A556D}.Debug|Any CPU.ActiveCfg = Debug|Any CPU
		{F5A67ADA-00F9-401E-8BF7-A4BE5D8A556D}.Debug|Any CPU.Build.0 = Debug|Any CPU
		{F5A67ADA-00F9-401E-8BF7-A4BE5D8A556D}.Release|Any CPU.ActiveCfg = Release|Any CPU
		{F5A67ADA-00F9-401E-8BF7-A4BE5D8A556D}.Release|Any CPU.Build.0 = Release|Any CPU
		{AE03F07F-F2DA-40A8-A002-EA6AF1A4D683}.Debug|Any CPU.ActiveCfg = Debug|Any CPU
		{AE03F07F-F2DA-40A8-A002-EA6AF1A4D683}.Debug|Any CPU.Build.0 = Debug|Any CPU
		{AE03F07F-F2DA-40A8-A002-EA6AF1A4D683}.Release|Any CPU.ActiveCfg = Release|Any CPU
		{AE03F07F-F2DA-40A8-A002-EA6AF1A4D683}.Release|Any CPU.Build.0 = Release|Any CPU
		{C250A25F-4AB2-4695-91AB-1EDEE250BCFE}.Debug|Any CPU.ActiveCfg = Debug|Any CPU
		{C250A25F-4AB2-4695-91AB-1EDEE250BCFE}.Debug|Any CPU.Build.0 = Debug|Any CPU
		{C250A25F-4AB2-4695-91AB-1EDEE250BCFE}.Release|Any CPU.ActiveCfg = Release|Any CPU
		{C250A25F-4AB2-4695-91AB-1EDEE250BCFE}.Release|Any CPU.Build.0 = Release|Any CPU
	EndGlobalSection
	GlobalSection(SolutionProperties) = preSolution
		HideSolutionNode = FALSE
	EndGlobalSection
	GlobalSection(NestedProjects) = preSolution
		{B3A2A0A7-5848-447D-A6B7-5746BC18BDCF} = {C8FD54AF-2A45-464F-9927-B1D2DC5E71B6}
		{767D360D-AA4C-47D3-A330-6148340AE91C} = {D53DB4AA-9538-4953-B4B9-AFE3B97D2623}
		{FAF0BA18-4E53-4278-AA5B-35F38C7D43CA} = {EDB7D2DA-9158-4138-B67C-F591D28C69C4}
		{51440947-BE75-4E48-9E96-953E4A8FC8B3} = {C8FD54AF-2A45-464F-9927-B1D2DC5E71B6}
		{D53DB4AA-9538-4953-B4B9-AFE3B97D2623} = {C8FD54AF-2A45-464F-9927-B1D2DC5E71B6}
		{58DC82FB-2EE7-4948-B4F7-A42CB564738F} = {A297BDEE-55B6-4C38-9437-B65923CA1035}
		{0EC2216D-39E8-4161-BAD9-726113543DDE} = {EDB7D2DA-9158-4138-B67C-F591D28C69C4}
		{9FC0076B-1859-4C19-BCF6-A4605242136A} = {0EC2216D-39E8-4161-BAD9-726113543DDE}
		{D339491A-C387-4D8E-AC52-5C4DD55B995D} = {D53DB4AA-9538-4953-B4B9-AFE3B97D2623}
		{3E9746CA-2A06-4997-81AF-9B573684918D} = {59C215F7-051E-4AD0-8AAD-8863E7F2BDD6}
		{F1C67053-94FD-4ECA-B59B-6F7298B32CD1} = {818E2105-A434-497D-A15A-5CFC28832D37}
		{A5ACAC36-AC1C-41C7-AB92-63AE0944A6A8} = {DBA5799B-16A9-4F1B-96A0-16E23CE1F467}
		{FCEDEBE2-0210-45D5-AAF3-186385E28E09} = {D014C68F-4F72-41B7-9512-6A17286DEBC8}
		{DA837480-844A-4018-9AF6-02624BA4313B} = {D014C68F-4F72-41B7-9512-6A17286DEBC8}
		{FF725C69-3E67-4F7B-8C85-848DB0B7D0B3} = {DA837480-844A-4018-9AF6-02624BA4313B}
		{CAC41976-AF3F-40CF-9469-9CF14826FA81} = {0410A939-2927-4833-A9A2-A38C7CDBD99D}
		{F1930035-3849-47CE-8180-2C19D9475F54} = {585BE759-B04C-43F0-BC6C-046AFB8E6B21}
		{F17067A6-CA86-45DF-9C4C-A9E826475D86} = {8E7ECDF2-FA81-4343-B9A0-647BE750C8A7}
		{6CCEC408-D19A-4C9D-ABB0-32FEE5180961} = {8E7ECDF2-FA81-4343-B9A0-647BE750C8A7}
		{DBA5799B-16A9-4F1B-96A0-16E23CE1F467} = {585BE759-B04C-43F0-BC6C-046AFB8E6B21}
		{D014C68F-4F72-41B7-9512-6A17286DEBC8} = {585BE759-B04C-43F0-BC6C-046AFB8E6B21}
		{53E216B5-0429-49F3-AE83-5DBDB53A6130} = {BF376A95-980C-49CF-A539-32D3C5EB5BAA}
		{818E2105-A434-497D-A15A-5CFC28832D37} = {F1930035-3849-47CE-8180-2C19D9475F54}
		{BF376A95-980C-49CF-A539-32D3C5EB5BAA} = {F1930035-3849-47CE-8180-2C19D9475F54}
		{8E7ECDF2-FA81-4343-B9A0-647BE750C8A7} = {F1930035-3849-47CE-8180-2C19D9475F54}
		{816DD3FA-7EED-4E4B-A0F5-445B9B65AF4D} = {F1930035-3849-47CE-8180-2C19D9475F54}
		{979BB32C-EFB1-4D6B-A049-9E3CC0FD172C} = {816DD3FA-7EED-4E4B-A0F5-445B9B65AF4D}
		{7558C370-C4B2-42F0-B109-B5FBC8F6CE16} = {B044D8B3-F405-4F6E-AA0F-1599B79C1B04}
		{56D3E32D-E8A1-4AF1-ABC0-DA4AEECFB4A8} = {C8FD54AF-2A45-464F-9927-B1D2DC5E71B6}
		{F5A67ADA-00F9-401E-8BF7-A4BE5D8A556D} = {A297BDEE-55B6-4C38-9437-B65923CA1035}
		{AE03F07F-F2DA-40A8-A002-EA6AF1A4D683} = {B044D8B3-F405-4F6E-AA0F-1599B79C1B04}
		{C250A25F-4AB2-4695-91AB-1EDEE250BCFE} = {B044D8B3-F405-4F6E-AA0F-1599B79C1B04}
	EndGlobalSection
	GlobalSection(ExtensibilityGlobals) = postSolution
		SolutionGuid = {8CA48F83-3D6D-4B67-8110-608DD680C317}
	EndGlobalSection
EndGlobal
