
Microsoft Visual Studio Solution File, Format Version 12.00
# Visual Studio Version 16
VisualStudioVersion = 16.0.29926.136
MinimumVisualStudioVersion = 10.0.40219.1
Project("{9A19103F-16F7-4668-BE54-9A1E7A4F7556}") = "Footballista", "Footballista\Footballista.csproj", "{7F94EA0A-59B7-4BA9-BCCC-24846383024E}"
EndProject
Project("{9A19103F-16F7-4668-BE54-9A1E7A4F7556}") = "Footballista.Players", "Footballista.Players\Footballista.Players.csproj", "{B3A2A0A7-5848-447D-A6B7-5746BC18BDCF}"
EndProject
Project("{9A19103F-16F7-4668-BE54-9A1E7A4F7556}") = "Footballista.PlayersUnitTests", "Footballista.PlayersUnitTests\Footballista.PlayersUnitTests.csproj", "{767D360D-AA4C-47D3-A330-6148340AE91C}"
EndProject
Project("{2150E333-8FDC-42A3-9474-1A3956D46DE8}") = "_Solution Items", "_Solution Items", "{59C215F7-051E-4AD0-8AAD-8863E7F2BDD6}"
	ProjectSection(SolutionItems) = preProject
		.gitignore = .gitignore
		README.md = README.md
	EndProjectSection
EndProject
Project("{2150E333-8FDC-42A3-9474-1A3956D46DE8}") = "BuildingBlocks", "BuildingBlocks", "{EDB7D2DA-9158-4138-B67C-F591D28C69C4}"
EndProject
Project("{9A19103F-16F7-4668-BE54-9A1E7A4F7556}") = "Footballista.BuildingBlocks.Domain", "Footballista.BuildingBlocks.Domain\Footballista.BuildingBlocks.Domain.csproj", "{FAF0BA18-4E53-4278-AA5B-35F38C7D43CA}"
EndProject
Project("{2150E333-8FDC-42A3-9474-1A3956D46DE8}") = "Players", "Players", "{C8FD54AF-2A45-464F-9927-B1D2DC5E71B6}"
EndProject
Project("{9A19103F-16F7-4668-BE54-9A1E7A4F7556}") = "Footballista.Players.Infrastracture", "Footballista.Players.Infrastracture\Footballista.Players.Infrastracture.csproj", "{51440947-BE75-4E48-9E96-953E4A8FC8B3}"
EndProject
Project("{2150E333-8FDC-42A3-9474-1A3956D46DE8}") = "API", "API", "{5C734F04-49ED-4047-9B76-D612AE13BBF0}"
EndProject
Project("{2150E333-8FDC-42A3-9474-1A3956D46DE8}") = "Tests", "Tests", "{D53DB4AA-9538-4953-B4B9-AFE3B97D2623}"
EndProject
Project("{2150E333-8FDC-42A3-9474-1A3956D46DE8}") = "Game", "Game", "{A297BDEE-55B6-4C38-9437-B65923CA1035}"
EndProject
Project("{9A19103F-16F7-4668-BE54-9A1E7A4F7556}") = "Footballista.Game.Domain", "Footballista.Game.Domain\Footballista.Game.Domain.csproj", "{58DC82FB-2EE7-4948-B4F7-A42CB564738F}"
EndProject
Project("{2150E333-8FDC-42A3-9474-1A3956D46DE8}") = "Tests", "Tests", "{0EC2216D-39E8-4161-BAD9-726113543DDE}"
EndProject
Project("{9A19103F-16F7-4668-BE54-9A1E7A4F7556}") = "Footballista.BuildingBlocks.Domain.UnitTests", "Footballista.BuildingBlocks.Domain.UnitTests\Footballista.BuildingBlocks.Domain.UnitTests.csproj", "{9FC0076B-1859-4C19-BCF6-A4605242136A}"
EndProject
Project("{9A19103F-16F7-4668-BE54-9A1E7A4F7556}") = "Footballista.Players.IntegrationTests", "Footballista.Players.IntegrationTests\Footballista.Players.IntegrationTests.csproj", "{D339491A-C387-4D8E-AC52-5C4DD55B995D}"
EndProject
Project("{2150E333-8FDC-42A3-9474-1A3956D46DE8}") = "docs", "docs", "{3E9746CA-2A06-4997-81AF-9B573684918D}"
	ProjectSection(SolutionItems) = preProject
		docs\001.Player Generation.md = docs\001.Player Generation.md
		docs\002.Player Features Evolution.md = docs\002.Player Features Evolution.md
		docs\ui\003.UI Career Header.md = docs\ui\003.UI Career Header.md
	EndProjectSection
EndProject
Project("{2150E333-8FDC-42A3-9474-1A3956D46DE8}") = "Blazor.Wasm", "Blazor.Wasm", "{585BE759-B04C-43F0-BC6C-046AFB8E6B21}"
EndProject
Project("{9A19103F-16F7-4668-BE54-9A1E7A4F7556}") = "Footballista.Wasm.Client", "Footballista.Wasm\Client\Footballista.Wasm.Client.csproj", "{F1C67053-94FD-4ECA-B59B-6F7298B32CD1}"
EndProject
Project("{9A19103F-16F7-4668-BE54-9A1E7A4F7556}") = "Footballista.Wasm.Server", "Footballista.Wasm\Server\Footballista.Wasm.Server.csproj", "{A5ACAC36-AC1C-41C7-AB92-63AE0944A6A8}"
EndProject
Project("{9A19103F-16F7-4668-BE54-9A1E7A4F7556}") = "Footballista.Wasm.Shared", "Footballista.Wasm\Shared\Footballista.Wasm.Shared.csproj", "{FCEDEBE2-0210-45D5-AAF3-186385E28E09}"
EndProject
Project("{2150E333-8FDC-42A3-9474-1A3956D46DE8}") = "BlazorServer", "BlazorServer", "{5267E70C-050A-4532-A252-1D3D4BDF3B0A}"
EndProject
Project("{9A19103F-16F7-4668-BE54-9A1E7A4F7556}") = "Footballista.BlazorServer", "Footballista.BlazorServer\Footballista.BlazorServer.csproj", "{B260A166-B9D8-42F6-A6FA-9ED9751C58F9}"
EndProject
Global
	GlobalSection(SolutionConfigurationPlatforms) = preSolution
		Debug|Any CPU = Debug|Any CPU
		Release|Any CPU = Release|Any CPU
	EndGlobalSection
	GlobalSection(ProjectConfigurationPlatforms) = postSolution
		{7F94EA0A-59B7-4BA9-BCCC-24846383024E}.Debug|Any CPU.ActiveCfg = Debug|Any CPU
		{7F94EA0A-59B7-4BA9-BCCC-24846383024E}.Debug|Any CPU.Build.0 = Debug|Any CPU
		{7F94EA0A-59B7-4BA9-BCCC-24846383024E}.Release|Any CPU.ActiveCfg = Release|Any CPU
		{7F94EA0A-59B7-4BA9-BCCC-24846383024E}.Release|Any CPU.Build.0 = Release|Any CPU
		{B3A2A0A7-5848-447D-A6B7-5746BC18BDCF}.Debug|Any CPU.ActiveCfg = Debug|Any CPU
		{B3A2A0A7-5848-447D-A6B7-5746BC18BDCF}.Debug|Any CPU.Build.0 = Debug|Any CPU
		{B3A2A0A7-5848-447D-A6B7-5746BC18BDCF}.Release|Any CPU.ActiveCfg = Release|Any CPU
		{B3A2A0A7-5848-447D-A6B7-5746BC18BDCF}.Release|Any CPU.Build.0 = Release|Any CPU
		{767D360D-AA4C-47D3-A330-6148340AE91C}.Debug|Any CPU.ActiveCfg = Debug|Any CPU
		{767D360D-AA4C-47D3-A330-6148340AE91C}.Debug|Any CPU.Build.0 = Debug|Any CPU
		{767D360D-AA4C-47D3-A330-6148340AE91C}.Release|Any CPU.ActiveCfg = Release|Any CPU
		{767D360D-AA4C-47D3-A330-6148340AE91C}.Release|Any CPU.Build.0 = Release|Any CPU
		{FAF0BA18-4E53-4278-AA5B-35F38C7D43CA}.Debug|Any CPU.ActiveCfg = Debug|Any CPU
		{FAF0BA18-4E53-4278-AA5B-35F38C7D43CA}.Debug|Any CPU.Build.0 = Debug|Any CPU
		{FAF0BA18-4E53-4278-AA5B-35F38C7D43CA}.Release|Any CPU.ActiveCfg = Release|Any CPU
		{FAF0BA18-4E53-4278-AA5B-35F38C7D43CA}.Release|Any CPU.Build.0 = Release|Any CPU
		{51440947-BE75-4E48-9E96-953E4A8FC8B3}.Debug|Any CPU.ActiveCfg = Debug|Any CPU
		{51440947-BE75-4E48-9E96-953E4A8FC8B3}.Debug|Any CPU.Build.0 = Debug|Any CPU
		{51440947-BE75-4E48-9E96-953E4A8FC8B3}.Release|Any CPU.ActiveCfg = Release|Any CPU
		{51440947-BE75-4E48-9E96-953E4A8FC8B3}.Release|Any CPU.Build.0 = Release|Any CPU
		{58DC82FB-2EE7-4948-B4F7-A42CB564738F}.Debug|Any CPU.ActiveCfg = Debug|Any CPU
		{58DC82FB-2EE7-4948-B4F7-A42CB564738F}.Debug|Any CPU.Build.0 = Debug|Any CPU
		{58DC82FB-2EE7-4948-B4F7-A42CB564738F}.Release|Any CPU.ActiveCfg = Release|Any CPU
		{58DC82FB-2EE7-4948-B4F7-A42CB564738F}.Release|Any CPU.Build.0 = Release|Any CPU
		{9FC0076B-1859-4C19-BCF6-A4605242136A}.Debug|Any CPU.ActiveCfg = Debug|Any CPU
		{9FC0076B-1859-4C19-BCF6-A4605242136A}.Debug|Any CPU.Build.0 = Debug|Any CPU
		{9FC0076B-1859-4C19-BCF6-A4605242136A}.Release|Any CPU.ActiveCfg = Release|Any CPU
		{9FC0076B-1859-4C19-BCF6-A4605242136A}.Release|Any CPU.Build.0 = Release|Any CPU
		{D339491A-C387-4D8E-AC52-5C4DD55B995D}.Debug|Any CPU.ActiveCfg = Debug|Any CPU
		{D339491A-C387-4D8E-AC52-5C4DD55B995D}.Debug|Any CPU.Build.0 = Debug|Any CPU
		{D339491A-C387-4D8E-AC52-5C4DD55B995D}.Release|Any CPU.ActiveCfg = Release|Any CPU
		{D339491A-C387-4D8E-AC52-5C4DD55B995D}.Release|Any CPU.Build.0 = Release|Any CPU
		{F1C67053-94FD-4ECA-B59B-6F7298B32CD1}.Debug|Any CPU.ActiveCfg = Debug|Any CPU
		{F1C67053-94FD-4ECA-B59B-6F7298B32CD1}.Debug|Any CPU.Build.0 = Debug|Any CPU
		{F1C67053-94FD-4ECA-B59B-6F7298B32CD1}.Release|Any CPU.ActiveCfg = Release|Any CPU
		{F1C67053-94FD-4ECA-B59B-6F7298B32CD1}.Release|Any CPU.Build.0 = Release|Any CPU
		{A5ACAC36-AC1C-41C7-AB92-63AE0944A6A8}.Debug|Any CPU.ActiveCfg = Debug|Any CPU
		{A5ACAC36-AC1C-41C7-AB92-63AE0944A6A8}.Debug|Any CPU.Build.0 = Debug|Any CPU
		{A5ACAC36-AC1C-41C7-AB92-63AE0944A6A8}.Release|Any CPU.ActiveCfg = Release|Any CPU
		{A5ACAC36-AC1C-41C7-AB92-63AE0944A6A8}.Release|Any CPU.Build.0 = Release|Any CPU
		{FCEDEBE2-0210-45D5-AAF3-186385E28E09}.Debug|Any CPU.ActiveCfg = Debug|Any CPU
		{FCEDEBE2-0210-45D5-AAF3-186385E28E09}.Debug|Any CPU.Build.0 = Debug|Any CPU
		{FCEDEBE2-0210-45D5-AAF3-186385E28E09}.Release|Any CPU.ActiveCfg = Release|Any CPU
		{FCEDEBE2-0210-45D5-AAF3-186385E28E09}.Release|Any CPU.Build.0 = Release|Any CPU
		{B260A166-B9D8-42F6-A6FA-9ED9751C58F9}.Debug|Any CPU.ActiveCfg = Debug|Any CPU
		{B260A166-B9D8-42F6-A6FA-9ED9751C58F9}.Debug|Any CPU.Build.0 = Debug|Any CPU
		{B260A166-B9D8-42F6-A6FA-9ED9751C58F9}.Release|Any CPU.ActiveCfg = Release|Any CPU
		{B260A166-B9D8-42F6-A6FA-9ED9751C58F9}.Release|Any CPU.Build.0 = Release|Any CPU
	EndGlobalSection
	GlobalSection(SolutionProperties) = preSolution
		HideSolutionNode = FALSE
	EndGlobalSection
	GlobalSection(NestedProjects) = preSolution
		{7F94EA0A-59B7-4BA9-BCCC-24846383024E} = {5C734F04-49ED-4047-9B76-D612AE13BBF0}
		{B3A2A0A7-5848-447D-A6B7-5746BC18BDCF} = {C8FD54AF-2A45-464F-9927-B1D2DC5E71B6}
		{767D360D-AA4C-47D3-A330-6148340AE91C} = {D53DB4AA-9538-4953-B4B9-AFE3B97D2623}
		{FAF0BA18-4E53-4278-AA5B-35F38C7D43CA} = {EDB7D2DA-9158-4138-B67C-F591D28C69C4}
		{51440947-BE75-4E48-9E96-953E4A8FC8B3} = {C8FD54AF-2A45-464F-9927-B1D2DC5E71B6}
		{D53DB4AA-9538-4953-B4B9-AFE3B97D2623} = {C8FD54AF-2A45-464F-9927-B1D2DC5E71B6}
		{58DC82FB-2EE7-4948-B4F7-A42CB564738F} = {A297BDEE-55B6-4C38-9437-B65923CA1035}
		{0EC2216D-39E8-4161-BAD9-726113543DDE} = {EDB7D2DA-9158-4138-B67C-F591D28C69C4}
		{9FC0076B-1859-4C19-BCF6-A4605242136A} = {0EC2216D-39E8-4161-BAD9-726113543DDE}
		{D339491A-C387-4D8E-AC52-5C4DD55B995D} = {D53DB4AA-9538-4953-B4B9-AFE3B97D2623}
		{3E9746CA-2A06-4997-81AF-9B573684918D} = {59C215F7-051E-4AD0-8AAD-8863E7F2BDD6}
		{F1C67053-94FD-4ECA-B59B-6F7298B32CD1} = {585BE759-B04C-43F0-BC6C-046AFB8E6B21}
		{A5ACAC36-AC1C-41C7-AB92-63AE0944A6A8} = {585BE759-B04C-43F0-BC6C-046AFB8E6B21}
		{FCEDEBE2-0210-45D5-AAF3-186385E28E09} = {585BE759-B04C-43F0-BC6C-046AFB8E6B21}
		{B260A166-B9D8-42F6-A6FA-9ED9751C58F9} = {5267E70C-050A-4532-A252-1D3D4BDF3B0A}
	EndGlobalSection
	GlobalSection(ExtensibilityGlobals) = postSolution
		SolutionGuid = {8CA48F83-3D6D-4B67-8110-608DD680C317}
	EndGlobalSection
EndGlobal
